// !$*UTF8*$!
{
	archiveVersion = 1;
	classes = {
	};
	objectVersion = 77;
	objects = {

/* Begin PBXBuildFile section */
		9C22C3242F6447EF0068E6A9 /* AppDelegate.swift in Sources */ = {isa = PBXBuildFile; fileRef = 9C22C3232F6447EF0068E6A9 /* AppDelegate.swift */; };
		9C22C3262F6447EF0068E6A9 /* SceneDelegate.swift in Sources */ = {isa = PBXBuildFile; fileRef = 9C22C3252F6447EF0068E6A9 /* SceneDelegate.swift */; };
		9C22C3292F6447EF0068E6A9 /* LaunchScreen.storyboard in Resources */ = {isa = PBXBuildFile; fileRef = 9C22C3272F6447EF0068E6A9 /* LaunchScreen.storyboard */; };
		9C22C32C2F6447EF0068E6A9 /* Main.storyboard in Resources */ = {isa = PBXBuildFile; fileRef = 9C22C32A2F6447EF0068E6A9 /* Main.storyboard */; };
		9C22C3352F6447EF0068E6A9 /* AppDelegate.swift in Sources */ = {isa = PBXBuildFile; fileRef = 9C22C3342F6447EF0068E6A9 /* AppDelegate.swift */; };
		9C22C3382F6447EF0068E6A9 /* Main.storyboard in Resources */ = {isa = PBXBuildFile; fileRef = 9C22C3362F6447EF0068E6A9 /* Main.storyboard */; };
		9C22C33F2F6447EF0068E6A9 /* HR Helper Safari Extension.appex in Embed Foundation Extensions */ = {isa = PBXBuildFile; fileRef = 9C22C33E2F6447EF0068E6A9 /* HR Helper Safari Extension.appex */; settings = {ATTRIBUTES = (RemoveHeadersOnCopy, ); }; };
		9C22C3492F6447EF0068E6A9 /* HR Helper Safari Extension.appex in Embed Foundation Extensions */ = {isa = PBXBuildFile; fileRef = 9C22C3482F6447EF0068E6A9 /* HR Helper Safari Extension.appex */; settings = {ATTRIBUTES = (RemoveHeadersOnCopy, ); }; };
		9C22C34E2F6447EF0068E6A9 /* Main.html in Resources */ = {isa = PBXBuildFile; fileRef = 9C22C3132F6447EE0068E6A9 /* Main.html */; };
		9C22C34F2F6447EF0068E6A9 /* Main.html in Resources */ = {isa = PBXBuildFile; fileRef = 9C22C3132F6447EE0068E6A9 /* Main.html */; };
		9C22C3502F6447EF0068E6A9 /* Icon.png in Resources */ = {isa = PBXBuildFile; fileRef = 9C22C3152F6447EE0068E6A9 /* Icon.png */; };
		9C22C3512F6447EF0068E6A9 /* Icon.png in Resources */ = {isa = PBXBuildFile; fileRef = 9C22C3152F6447EE0068E6A9 /* Icon.png */; };
		9C22C3522F6447EF0068E6A9 /* Style.css in Resources */ = {isa = PBXBuildFile; fileRef = 9C22C3162F6447EE0068E6A9 /* Style.css */; };
		9C22C3532F6447EF0068E6A9 /* Style.css in Resources */ = {isa = PBXBuildFile; fileRef = 9C22C3162F6447EE0068E6A9 /* Style.css */; };
		9C22C3542F6447EF0068E6A9 /* Script.js in Resources */ = {isa = PBXBuildFile; fileRef = 9C22C3172F6447EE0068E6A9 /* Script.js */; };
		9C22C3552F6447EF0068E6A9 /* Script.js in Resources */ = {isa = PBXBuildFile; fileRef = 9C22C3172F6447EE0068E6A9 /* Script.js */; };
		9C22C3562F6447EF0068E6A9 /* ViewController.swift in Sources */ = {isa = PBXBuildFile; fileRef = 9C22C3182F6447EE0068E6A9 /* ViewController.swift */; };
		9C22C3572F6447EF0068E6A9 /* ViewController.swift in Sources */ = {isa = PBXBuildFile; fileRef = 9C22C3182F6447EE0068E6A9 /* ViewController.swift */; };
		9C22C3582F6447EF0068E6A9 /* Assets.xcassets in Resources */ = {isa = PBXBuildFile; fileRef = 9C22C3192F6447EF0068E6A9 /* Assets.xcassets */; };
		9C22C3592F6447EF0068E6A9 /* Assets.xcassets in Resources */ = {isa = PBXBuildFile; fileRef = 9C22C3192F6447EF0068E6A9 /* Assets.xcassets */; };
		9C22C35A2F6447EF0068E6A9 /* SafariWebExtensionHandler.swift in Sources */ = {isa = PBXBuildFile; fileRef = 9C22C31B2F6447EF0068E6A9 /* SafariWebExtensionHandler.swift */; };
		9C22C35B2F6447EF0068E6A9 /* SafariWebExtensionHandler.swift in Sources */ = {isa = PBXBuildFile; fileRef = 9C22C31B2F6447EF0068E6A9 /* SafariWebExtensionHandler.swift */; };
		9C22C38B2F6447EF0068E6A9 /* tabs in Resources */ = {isa = PBXBuildFile; fileRef = 9C22C36D2F6447EF0068E6A9 /* tabs */; };
		9C22C38C2F6447EF0068E6A9 /* content-meet.js in Resources */ = {isa = PBXBuildFile; fileRef = 9C22C36E2F6447EF0068E6A9 /* content-meet.js */; };
		9C22C38D2F6447EF0068E6A9 /* popup.js in Resources */ = {isa = PBXBuildFile; fileRef = 9C22C36F2F6447EF0068E6A9 /* popup.js */; };
		9C22C38E2F6447EF0068E6A9 /* types.js in Resources */ = {isa = PBXBuildFile; fileRef = 9C22C3702F6447EF0068E6A9 /* types.js */; };
		9C22C38F2F6447EF0068E6A9 /* background.js in Resources */ = {isa = PBXBuildFile; fileRef = 9C22C3712F6447EF0068E6A9 /* background.js */; };
		9C22C3902F6447EF0068E6A9 /* content-resume.js in Resources */ = {isa = PBXBuildFile; fileRef = 9C22C3722F6447EF0068E6A9 /* content-resume.js */; };
		9C22C3912F6447EF0068E6A9 /* popup.html in Resources */ = {isa = PBXBuildFile; fileRef = 9C22C3732F6447EF0068E6A9 /* popup.html */; };
		9C22C3922F6447EF0068E6A9 /* vacancy-utils.js in Resources */ = {isa = PBXBuildFile; fileRef = 9C22C3742F6447EF0068E6A9 /* vacancy-utils.js */; };
		9C22C3932F6447EF0068E6A9 /* content.js.bak in Resources */ = {isa = PBXBuildFile; fileRef = 9C22C3752F6447EF0068E6A9 /* content.js.bak */; };
		9C22C3942F6447EF0068E6A9 /* options.js in Resources */ = {isa = PBXBuildFile; fileRef = 9C22C3762F6447EF0068E6A9 /* options.js */; };
		9C22C3952F6447EF0068E6A9 /* node_modules in Resources */ = {isa = PBXBuildFile; fileRef = 9C22C3772F6447EF0068E6A9 /* node_modules */; };
		9C22C3962F6447EF0068E6A9 /* test-console.js in Resources */ = {isa = PBXBuildFile; fileRef = 9C22C3782F6447EF0068E6A9 /* test-console.js */; };
		9C22C3972F6447EF0068E6A9 /* shared in Resources */ = {isa = PBXBuildFile; fileRef = 9C22C3792F6447EF0068E6A9 /* shared */; };
		9C22C3982F6447EF0068E6A9 /* docs in Resources */ = {isa = PBXBuildFile; fileRef = 9C22C37A2F6447EF0068E6A9 /* docs */; };
		9C22C3992F6447EF0068E6A9 /* HR Helper Safari in Resources */ = {isa = PBXBuildFile; fileRef = 9C22C37B2F6447EF0068E6A9 /* HR Helper Safari */; };
		9C22C39A2F6447EF0068E6A9 /* vite.config.mts in Resources */ = {isa = PBXBuildFile; fileRef = 9C22C37C2F6447EF0068E6A9 /* vite.config.mts */; };
		9C22C39B2F6447EF0068E6A9 /* update_manifest.sh in Resources */ = {isa = PBXBuildFile; fileRef = 9C22C37D2F6447EF0068E6A9 /* update_manifest.sh */; };
		9C22C39C2F6447EF0068E6A9 /* package-lock.json in Resources */ = {isa = PBXBuildFile; fileRef = 9C22C37E2F6447EF0068E6A9 /* package-lock.json */; };
		9C22C39D2F6447EF0068E6A9 /* package.json in Resources */ = {isa = PBXBuildFile; fileRef = 9C22C37F2F6447EF0068E6A9 /* package.json */; };
		9C22C39E2F6447EF0068E6A9 /* icons in Resources */ = {isa = PBXBuildFile; fileRef = 9C22C3802F6447EF0068E6A9 /* icons */; };
		9C22C39F2F6447EF0068E6A9 /* manifest.json in Resources */ = {isa = PBXBuildFile; fileRef = 9C22C3812F6447EF0068E6A9 /* manifest.json */; };
		9C22C3A02F6447EF0068E6A9 /* options.html in Resources */ = {isa = PBXBuildFile; fileRef = 9C22C3822F6447EF0068E6A9 /* options.html */; };
		9C22C3A12F6447EF0068E6A9 /* content-gdrive.js in Resources */ = {isa = PBXBuildFile; fileRef = 9C22C3832F6447EF0068E6A9 /* content-gdrive.js */; };
		9C22C3A22F6447EF0068E6A9 /* popup.css in Resources */ = {isa = PBXBuildFile; fileRef = 9C22C3842F6447EF0068E6A9 /* popup.css */; };
		9C22C3A32F6447EF0068E6A9 /* content.js in Resources */ = {isa = PBXBuildFile; fileRef = 9C22C3852F6447EF0068E6A9 /* content.js */; };
		9C22C3A42F6447EF0068E6A9 /* modules in Resources */ = {isa = PBXBuildFile; fileRef = 9C22C3862F6447EF0068E6A9 /* modules */; };
		9C22C3A52F6447EF0068E6A9 /* generate-icons.js in Resources */ = {isa = PBXBuildFile; fileRef = 9C22C3872F6447EF0068E6A9 /* generate-icons.js */; };
		9C22C3A62F6447EF0068E6A9 /* options.css in Resources */ = {isa = PBXBuildFile; fileRef = 9C22C3882F6447EF0068E6A9 /* options.css */; };
		9C22C3A72F6447EF0068E6A9 /* content-calendar.js in Resources */ = {isa = PBXBuildFile; fileRef = 9C22C3892F6447EF0068E6A9 /* content-calendar.js */; };
		9C22C3A82F6447EF0068E6A9 /* content-huntflow.js in Resources */ = {isa = PBXBuildFile; fileRef = 9C22C38A2F6447EF0068E6A9 /* content-huntflow.js */; };
		9C22C3A92F6447EF0068E6A9 /* tabs in Resources */ = {isa = PBXBuildFile; fileRef = 9C22C36D2F6447EF0068E6A9 /* tabs */; };
		9C22C3AA2F6447EF0068E6A9 /* content-meet.js in Resources */ = {isa = PBXBuildFile; fileRef = 9C22C36E2F6447EF0068E6A9 /* content-meet.js */; };
		9C22C3AB2F6447EF0068E6A9 /* popup.js in Resources */ = {isa = PBXBuildFile; fileRef = 9C22C36F2F6447EF0068E6A9 /* popup.js */; };
		9C22C3AC2F6447EF0068E6A9 /* types.js in Resources */ = {isa = PBXBuildFile; fileRef = 9C22C3702F6447EF0068E6A9 /* types.js */; };
		9C22C3AD2F6447EF0068E6A9 /* background.js in Resources */ = {isa = PBXBuildFile; fileRef = 9C22C3712F6447EF0068E6A9 /* background.js */; };
		9C22C3AE2F6447EF0068E6A9 /* content-resume.js in Resources */ = {isa = PBXBuildFile; fileRef = 9C22C3722F6447EF0068E6A9 /* content-resume.js */; };
		9C22C3AF2F6447EF0068E6A9 /* popup.html in Resources */ = {isa = PBXBuildFile; fileRef = 9C22C3732F6447EF0068E6A9 /* popup.html */; };
		9C22C3B02F6447EF0068E6A9 /* vacancy-utils.js in Resources */ = {isa = PBXBuildFile; fileRef = 9C22C3742F6447EF0068E6A9 /* vacancy-utils.js */; };
		9C22C3B12F6447EF0068E6A9 /* content.js.bak in Resources */ = {isa = PBXBuildFile; fileRef = 9C22C3752F6447EF0068E6A9 /* content.js.bak */; };
		9C22C3B22F6447EF0068E6A9 /* options.js in Resources */ = {isa = PBXBuildFile; fileRef = 9C22C3762F6447EF0068E6A9 /* options.js */; };
		9C22C3B32F6447EF0068E6A9 /* node_modules in Resources */ = {isa = PBXBuildFile; fileRef = 9C22C3772F6447EF0068E6A9 /* node_modules */; };
		9C22C3B42F6447EF0068E6A9 /* test-console.js in Resources */ = {isa = PBXBuildFile; fileRef = 9C22C3782F6447EF0068E6A9 /* test-console.js */; };
		9C22C3B52F6447EF0068E6A9 /* shared in Resources */ = {isa = PBXBuildFile; fileRef = 9C22C3792F6447EF0068E6A9 /* shared */; };
		9C22C3B62F6447EF0068E6A9 /* docs in Resources */ = {isa = PBXBuildFile; fileRef = 9C22C37A2F6447EF0068E6A9 /* docs */; };
		9C22C3B72F6447EF0068E6A9 /* HR Helper Safari in Resources */ = {isa = PBXBuildFile; fileRef = 9C22C37B2F6447EF0068E6A9 /* HR Helper Safari */; };
		9C22C3B82F6447EF0068E6A9 /* vite.config.mts in Resources */ = {isa = PBXBuildFile; fileRef = 9C22C37C2F6447EF0068E6A9 /* vite.config.mts */; };
		9C22C3B92F6447EF0068E6A9 /* update_manifest.sh in Resources */ = {isa = PBXBuildFile; fileRef = 9C22C37D2F6447EF0068E6A9 /* update_manifest.sh */; };
		9C22C3BA2F6447EF0068E6A9 /* package-lock.json in Resources */ = {isa = PBXBuildFile; fileRef = 9C22C37E2F6447EF0068E6A9 /* package-lock.json */; };
		9C22C3BB2F6447EF0068E6A9 /* package.json in Resources */ = {isa = PBXBuildFile; fileRef = 9C22C37F2F6447EF0068E6A9 /* package.json */; };
		9C22C3BC2F6447EF0068E6A9 /* icons in Resources */ = {isa = PBXBuildFile; fileRef = 9C22C3802F6447EF0068E6A9 /* icons */; };
		9C22C3BD2F6447EF0068E6A9 /* manifest.json in Resources */ = {isa = PBXBuildFile; fileRef = 9C22C3812F6447EF0068E6A9 /* manifest.json */; };
		9C22C3BE2F6447EF0068E6A9 /* options.html in Resources */ = {isa = PBXBuildFile; fileRef = 9C22C3822F6447EF0068E6A9 /* options.html */; };
		9C22C3BF2F6447EF0068E6A9 /* content-gdrive.js in Resources */ = {isa = PBXBuildFile; fileRef = 9C22C3832F6447EF0068E6A9 /* content-gdrive.js */; };
		9C22C3C02F6447EF0068E6A9 /* popup.css in Resources */ = {isa = PBXBuildFile; fileRef = 9C22C3842F6447EF0068E6A9 /* popup.css */; };
		9C22C3C12F6447EF0068E6A9 /* content.js in Resources */ = {isa = PBXBuildFile; fileRef = 9C22C3852F6447EF0068E6A9 /* content.js */; };
		9C22C3C22F6447EF0068E6A9 /* modules in Resources */ = {isa = PBXBuildFile; fileRef = 9C22C3862F6447EF0068E6A9 /* modules */; };
		9C22C3C32F6447EF0068E6A9 /* generate-icons.js in Resources */ = {isa = PBXBuildFile; fileRef = 9C22C3872F6447EF0068E6A9 /* generate-icons.js */; };
		9C22C3C42F6447EF0068E6A9 /* options.css in Resources */ = {isa = PBXBuildFile; fileRef = 9C22C3882F6447EF0068E6A9 /* options.css */; };
		9C22C3C52F6447EF0068E6A9 /* content-calendar.js in Resources */ = {isa = PBXBuildFile; fileRef = 9C22C3892F6447EF0068E6A9 /* content-calendar.js */; };
		9C22C3C62F6447EF0068E6A9 /* content-huntflow.js in Resources */ = {isa = PBXBuildFile; fileRef = 9C22C38A2F6447EF0068E6A9 /* content-huntflow.js */; };
/* End PBXBuildFile section */

/* Begin PBXContainerItemProxy section */
		9C22C3402F6447EF0068E6A9 /* PBXContainerItemProxy */ = {
			isa = PBXContainerItemProxy;
			containerPortal = 9C22C30D2F6447EE0068E6A9 /* Project object */;
			proxyType = 1;
			remoteGlobalIDString = 9C22C33D2F6447EF0068E6A9;
			remoteInfo = "HR Helper Safari Extension (iOS)";
		};
		9C22C34A2F6447EF0068E6A9 /* PBXContainerItemProxy */ = {
			isa = PBXContainerItemProxy;
			containerPortal = 9C22C30D2F6447EE0068E6A9 /* Project object */;
			proxyType = 1;
			remoteGlobalIDString = 9C22C3472F6447EF0068E6A9;
			remoteInfo = "HR Helper Safari Extension (macOS)";
		};
/* End PBXContainerItemProxy section */

/* Begin PBXCopyFilesBuildPhase section */
		9C22C3612F6447EF0068E6A9 /* Embed Foundation Extensions */ = {
			isa = PBXCopyFilesBuildPhase;
			buildActionMask = 2147483647;
			dstPath = "";
			dstSubfolderSpec = 13;
			files = (
				9C22C33F2F6447EF0068E6A9 /* HR Helper Safari Extension.appex in Embed Foundation Extensions */,
			);
			name = "Embed Foundation Extensions";
			runOnlyForDeploymentPostprocessing = 0;
		};
		9C22C3682F6447EF0068E6A9 /* Embed Foundation Extensions */ = {
			isa = PBXCopyFilesBuildPhase;
			buildActionMask = 2147483647;
			dstPath = "";
			dstSubfolderSpec = 13;
			files = (
				9C22C3492F6447EF0068E6A9 /* HR Helper Safari Extension.appex in Embed Foundation Extensions */,
			);
			name = "Embed Foundation Extensions";
			runOnlyForDeploymentPostprocessing = 0;
		};
/* End PBXCopyFilesBuildPhase section */

/* Begin PBXFileReference section */
		9C22C3142F6447EE0068E6A9 /* Base */ = {isa = PBXFileReference; lastKnownFileType = text.html; name = Base; path = Base.lproj/Main.html; sourceTree = "<group>"; };
		9C22C3152F6447EE0068E6A9 /* Icon.png */ = {isa = PBXFileReference; lastKnownFileType = image.png; path = Icon.png; sourceTree = "<group>"; };
		9C22C3162F6447EE0068E6A9 /* Style.css */ = {isa = PBXFileReference; lastKnownFileType = text.css; path = Style.css; sourceTree = "<group>"; };
		9C22C3172F6447EE0068E6A9 /* Script.js */ = {isa = PBXFileReference; lastKnownFileType = sourcecode.javascript; path = Script.js; sourceTree = "<group>"; };
		9C22C3182F6447EE0068E6A9 /* ViewController.swift */ = {isa = PBXFileReference; lastKnownFileType = sourcecode.swift; path = ViewController.swift; sourceTree = "<group>"; };
		9C22C3192F6447EF0068E6A9 /* Assets.xcassets */ = {isa = PBXFileReference; lastKnownFileType = folder.assetcatalog; path = Assets.xcassets; sourceTree = "<group>"; };
		9C22C31B2F6447EF0068E6A9 /* SafariWebExtensionHandler.swift */ = {isa = PBXFileReference; lastKnownFileType = sourcecode.swift; path = SafariWebExtensionHandler.swift; sourceTree = "<group>"; };
		9C22C3202F6447EF0068E6A9 /* HR Helper Safari.app */ = {isa = PBXFileReference; explicitFileType = wrapper.application; includeInIndex = 0; path = "HR Helper Safari.app"; sourceTree = BUILT_PRODUCTS_DIR; };
		9C22C3232F6447EF0068E6A9 /* AppDelegate.swift */ = {isa = PBXFileReference; lastKnownFileType = sourcecode.swift; path = AppDelegate.swift; sourceTree = "<group>"; };
		9C22C3252F6447EF0068E6A9 /* SceneDelegate.swift */ = {isa = PBXFileReference; lastKnownFileType = sourcecode.swift; path = SceneDelegate.swift; sourceTree = "<group>"; };
		9C22C3282F6447EF0068E6A9 /* Base */ = {isa = PBXFileReference; lastKnownFileType = file.storyboard; name = Base; path = Base.lproj/LaunchScreen.storyboard; sourceTree = "<group>"; };
		9C22C32B2F6447EF0068E6A9 /* Base */ = {isa = PBXFileReference; lastKnownFileType = file.storyboard; name = Base; path = Base.lproj/Main.storyboard; sourceTree = "<group>"; };
		9C22C32D2F6447EF0068E6A9 /* Info.plist */ = {isa = PBXFileReference; lastKnownFileType = text.plist.xml; path = Info.plist; sourceTree = "<group>"; };
		9C22C3322F6447EF0068E6A9 /* HR Helper Safari.app */ = {isa = PBXFileReference; explicitFileType = wrapper.application; includeInIndex = 0; path = "HR Helper Safari.app"; sourceTree = BUILT_PRODUCTS_DIR; };
		9C22C3342F6447EF0068E6A9 /* AppDelegate.swift */ = {isa = PBXFileReference; lastKnownFileType = sourcecode.swift; path = AppDelegate.swift; sourceTree = "<group>"; };
		9C22C3372F6447EF0068E6A9 /* Base */ = {isa = PBXFileReference; lastKnownFileType = file.storyboard; name = Base; path = Base.lproj/Main.storyboard; sourceTree = "<group>"; };
		9C22C3392F6447EF0068E6A9 /* Info.plist */ = {isa = PBXFileReference; lastKnownFileType = text.plist.xml; path = Info.plist; sourceTree = "<group>"; };
		9C22C33E2F6447EF0068E6A9 /* HR Helper Safari Extension.appex */ = {isa = PBXFileReference; explicitFileType = "wrapper.app-extension"; includeInIndex = 0; path = "HR Helper Safari Extension.appex"; sourceTree = BUILT_PRODUCTS_DIR; };
		9C22C3432F6447EF0068E6A9 /* Info.plist */ = {isa = PBXFileReference; lastKnownFileType = text.plist.xml; path = Info.plist; sourceTree = "<group>"; };
		9C22C3482F6447EF0068E6A9 /* HR Helper Safari Extension.appex */ = {isa = PBXFileReference; explicitFileType = "wrapper.app-extension"; includeInIndex = 0; path = "HR Helper Safari Extension.appex"; sourceTree = BUILT_PRODUCTS_DIR; };
		9C22C34D2F6447EF0068E6A9 /* Info.plist */ = {isa = PBXFileReference; lastKnownFileType = text.plist.xml; path = Info.plist; sourceTree = "<group>"; };
		9C22C36D2F6447EF0068E6A9 /* tabs */ = {isa = PBXFileReference; lastKnownFileType = folder; name = tabs; path = ../../tabs; sourceTree = "<group>"; };
		9C22C36E2F6447EF0068E6A9 /* content-meet.js */ = {isa = PBXFileReference; lastKnownFileType = sourcecode.javascript; name = "content-meet.js"; path = "../../content-meet.js"; sourceTree = "<group>"; };
		9C22C36F2F6447EF0068E6A9 /* popup.js */ = {isa = PBXFileReference; lastKnownFileType = sourcecode.javascript; name = popup.js; path = ../../popup.js; sourceTree = "<group>"; };
		9C22C3702F6447EF0068E6A9 /* types.js */ = {isa = PBXFileReference; lastKnownFileType = sourcecode.javascript; name = types.js; path = ../../types.js; sourceTree = "<group>"; };
		9C22C3712F6447EF0068E6A9 /* background.js */ = {isa = PBXFileReference; lastKnownFileType = sourcecode.javascript; name = background.js; path = ../../background.js; sourceTree = "<group>"; };
		9C22C3722F6447EF0068E6A9 /* content-resume.js */ = {isa = PBXFileReference; lastKnownFileType = sourcecode.javascript; name = "content-resume.js"; path = "../../content-resume.js"; sourceTree = "<group>"; };
		9C22C3732F6447EF0068E6A9 /* popup.html */ = {isa = PBXFileReference; lastKnownFileType = text.html; name = popup.html; path = ../../popup.html; sourceTree = "<group>"; };
		9C22C3742F6447EF0068E6A9 /* vacancy-utils.js */ = {isa = PBXFileReference; lastKnownFileType = sourcecode.javascript; name = "vacancy-utils.js"; path = "../../vacancy-utils.js"; sourceTree = "<group>"; };
		9C22C3752F6447EF0068E6A9 /* content.js.bak */ = {isa = PBXFileReference; lastKnownFileType = text; name = content.js.bak; path = ../../content.js.bak; sourceTree = "<group>"; };
		9C22C3762F6447EF0068E6A9 /* options.js */ = {isa = PBXFileReference; lastKnownFileType = sourcecode.javascript; name = options.js; path = ../../options.js; sourceTree = "<group>"; };
		9C22C3772F6447EF0068E6A9 /* node_modules */ = {isa = PBXFileReference; lastKnownFileType = folder; name = node_modules; path = ../../node_modules; sourceTree = "<group>"; };
		9C22C3782F6447EF0068E6A9 /* test-console.js */ = {isa = PBXFileReference; lastKnownFileType = sourcecode.javascript; name = "test-console.js"; path = "../../test-console.js"; sourceTree = "<group>"; };
		9C22C3792F6447EF0068E6A9 /* shared */ = {isa = PBXFileReference; lastKnownFileType = folder; name = shared; path = ../../shared; sourceTree = "<group>"; };
		9C22C37A2F6447EF0068E6A9 /* docs */ = {isa = PBXFileReference; lastKnownFileType = folder; name = docs; path = ../../docs; sourceTree = "<group>"; };
		9C22C37B2F6447EF0068E6A9 /* HR Helper Safari */ = {isa = PBXFileReference; lastKnownFileType = folder; path = "HR Helper Safari"; sourceTree = SOURCE_ROOT; };
		9C22C37C2F6447EF0068E6A9 /* vite.config.mts */ = {isa = PBXFileReference; lastKnownFileType = text; name = vite.config.mts; path = ../../vite.config.mts; sourceTree = "<group>"; };
		9C22C37D2F6447EF0068E6A9 /* update_manifest.sh */ = {isa = PBXFileReference; lastKnownFileType = text.script.sh; name = update_manifest.sh; path = ../../update_manifest.sh; sourceTree = "<group>"; };
		9C22C37E2F6447EF0068E6A9 /* package-lock.json */ = {isa = PBXFileReference; lastKnownFileType = text.json; name = "package-lock.json"; path = "../../package-lock.json"; sourceTree = "<group>"; };
		9C22C37F2F6447EF0068E6A9 /* package.json */ = {isa = PBXFileReference; lastKnownFileType = text.json; name = package.json; path = ../../package.json; sourceTree = "<group>"; };
		9C22C3802F6447EF0068E6A9 /* icons */ = {isa = PBXFileReference; lastKnownFileType = folder; name = icons; path = ../../icons; sourceTree = "<group>"; };
		9C22C3812F6447EF0068E6A9 /* manifest.json */ = {isa = PBXFileReference; lastKnownFileType = text.json; name = manifest.json; path = ../../manifest.json; sourceTree = "<group>"; };
		9C22C3822F6447EF0068E6A9 /* options.html */ = {isa = PBXFileReference; lastKnownFileType = text.html; name = options.html; path = ../../options.html; sourceTree = "<group>"; };
		9C22C3832F6447EF0068E6A9 /* content-gdrive.js */ = {isa = PBXFileReference; lastKnownFileType = sourcecode.javascript; name = "content-gdrive.js"; path = "../../content-gdrive.js"; sourceTree = "<group>"; };
		9C22C3842F6447EF0068E6A9 /* popup.css */ = {isa = PBXFileReference; lastKnownFileType = text.css; name = popup.css; path = ../../popup.css; sourceTree = "<group>"; };
		9C22C3852F6447EF0068E6A9 /* content.js */ = {isa = PBXFileReference; lastKnownFileType = sourcecode.javascript; name = content.js; path = ../../content.js; sourceTree = "<group>"; };
		9C22C3862F6447EF0068E6A9 /* modules */ = {isa = PBXFileReference; lastKnownFileType = folder; name = modules; path = ../../modules; sourceTree = "<group>"; };
		9C22C3872F6447EF0068E6A9 /* generate-icons.js */ = {isa = PBXFileReference; lastKnownFileType = sourcecode.javascript; name = "generate-icons.js"; path = "../../generate-icons.js"; sourceTree = "<group>"; };
		9C22C3882F6447EF0068E6A9 /* options.css */ = {isa = PBXFileReference; lastKnownFileType = text.css; name = options.css; path = ../../options.css; sourceTree = "<group>"; };
		9C22C3892F6447EF0068E6A9 /* content-calendar.js */ = {isa = PBXFileReference; lastKnownFileType = sourcecode.javascript; name = "content-calendar.js"; path = "../../content-calendar.js"; sourceTree = "<group>"; };
		9C22C38A2F6447EF0068E6A9 /* content-huntflow.js */ = {isa = PBXFileReference; lastKnownFileType = sourcecode.javascript; name = "content-huntflow.js"; path = "../../content-huntflow.js"; sourceTree = "<group>"; };
/* End PBXFileReference section */

/* Begin PBXFrameworksBuildPhase section */
		9C22C31D2F6447EF0068E6A9 /* Frameworks */ = {
			isa = PBXFrameworksBuildPhase;
			buildActionMask = 2147483647;
			files = (
			);
			runOnlyForDeploymentPostprocessing = 0;
		};
		9C22C32F2F6447EF0068E6A9 /* Frameworks */ = {
			isa = PBXFrameworksBuildPhase;
			buildActionMask = 2147483647;
			files = (
			);
			runOnlyForDeploymentPostprocessing = 0;
		};
		9C22C33B2F6447EF0068E6A9 /* Frameworks */ = {
			isa = PBXFrameworksBuildPhase;
			buildActionMask = 2147483647;
			files = (
			);
			runOnlyForDeploymentPostprocessing = 0;
		};
		9C22C3452F6447EF0068E6A9 /* Frameworks */ = {
			isa = PBXFrameworksBuildPhase;
			buildActionMask = 2147483647;
			files = (
			);
			runOnlyForDeploymentPostprocessing = 0;
		};
/* End PBXFrameworksBuildPhase section */

/* Begin PBXGroup section */
		9C22C30C2F6447EE0068E6A9 = {
			isa = PBXGroup;
			children = (
				9C22C3112F6447EE0068E6A9 /* Shared (App) */,
				9C22C31A2F6447EF0068E6A9 /* Shared (Extension) */,
				9C22C3222F6447EF0068E6A9 /* iOS (App) */,
				9C22C3332F6447EF0068E6A9 /* macOS (App) */,
				9C22C3422F6447EF0068E6A9 /* iOS (Extension) */,
				9C22C34C2F6447EF0068E6A9 /* macOS (Extension) */,
				9C22C3212F6447EF0068E6A9 /* Products */,
			);
			sourceTree = "<group>";
		};
		9C22C3112F6447EE0068E6A9 /* Shared (App) */ = {
			isa = PBXGroup;
			children = (
				9C22C3182F6447EE0068E6A9 /* ViewController.swift */,
				9C22C3192F6447EF0068E6A9 /* Assets.xcassets */,
				9C22C3122F6447EE0068E6A9 /* Resources */,
			);
			path = "Shared (App)";
			sourceTree = "<group>";
		};
		9C22C3122F6447EE0068E6A9 /* Resources */ = {
			isa = PBXGroup;
			children = (
				9C22C3132F6447EE0068E6A9 /* Main.html */,
				9C22C3152F6447EE0068E6A9 /* Icon.png */,
				9C22C3162F6447EE0068E6A9 /* Style.css */,
				9C22C3172F6447EE0068E6A9 /* Script.js */,
			);
			path = Resources;
			sourceTree = "<group>";
		};
		9C22C31A2F6447EF0068E6A9 /* Shared (Extension) */ = {
			isa = PBXGroup;
			children = (
				9C22C36C2F6447EF0068E6A9 /* Resources */,
				9C22C31B2F6447EF0068E6A9 /* SafariWebExtensionHandler.swift */,
			);
			path = "Shared (Extension)";
			sourceTree = "<group>";
		};
		9C22C3212F6447EF0068E6A9 /* Products */ = {
			isa = PBXGroup;
			children = (
				9C22C3202F6447EF0068E6A9 /* HR Helper Safari.app */,
				9C22C3322F6447EF0068E6A9 /* HR Helper Safari.app */,
				9C22C33E2F6447EF0068E6A9 /* HR Helper Safari Extension.appex */,
				9C22C3482F6447EF0068E6A9 /* HR Helper Safari Extension.appex */,
			);
			name = Products;
			sourceTree = "<group>";
		};
		9C22C3222F6447EF0068E6A9 /* iOS (App) */ = {
			isa = PBXGroup;
			children = (
				9C22C3232F6447EF0068E6A9 /* AppDelegate.swift */,
				9C22C3252F6447EF0068E6A9 /* SceneDelegate.swift */,
				9C22C3272F6447EF0068E6A9 /* LaunchScreen.storyboard */,
				9C22C32A2F6447EF0068E6A9 /* Main.storyboard */,
				9C22C32D2F6447EF0068E6A9 /* Info.plist */,
			);
			path = "iOS (App)";
			sourceTree = "<group>";
		};
		9C22C3332F6447EF0068E6A9 /* macOS (App) */ = {
			isa = PBXGroup;
			children = (
				9C22C3342F6447EF0068E6A9 /* AppDelegate.swift */,
				9C22C3362F6447EF0068E6A9 /* Main.storyboard */,
				9C22C3392F6447EF0068E6A9 /* Info.plist */,
			);
			path = "macOS (App)";
			sourceTree = "<group>";
		};
		9C22C3422F6447EF0068E6A9 /* iOS (Extension) */ = {
			isa = PBXGroup;
			children = (
				9C22C3432F6447EF0068E6A9 /* Info.plist */,
			);
			path = "iOS (Extension)";
			sourceTree = "<group>";
		};
		9C22C34C2F6447EF0068E6A9 /* macOS (Extension) */ = {
			isa = PBXGroup;
			children = (
				9C22C34D2F6447EF0068E6A9 /* Info.plist */,
			);
			path = "macOS (Extension)";
			sourceTree = "<group>";
		};
		9C22C36C2F6447EF0068E6A9 /* Resources */ = {
			isa = PBXGroup;
			children = (
				9C22C36D2F6447EF0068E6A9 /* tabs */,
				9C22C36E2F6447EF0068E6A9 /* content-meet.js */,
				9C22C36F2F6447EF0068E6A9 /* popup.js */,
				9C22C3702F6447EF0068E6A9 /* types.js */,
				9C22C3712F6447EF0068E6A9 /* background.js */,
				9C22C3722F6447EF0068E6A9 /* content-resume.js */,
				9C22C3732F6447EF0068E6A9 /* popup.html */,
				9C22C3742F6447EF0068E6A9 /* vacancy-utils.js */,
				9C22C3752F6447EF0068E6A9 /* content.js.bak */,
				9C22C3762F6447EF0068E6A9 /* options.js */,
				9C22C3772F6447EF0068E6A9 /* node_modules */,
				9C22C3782F6447EF0068E6A9 /* test-console.js */,
				9C22C3792F6447EF0068E6A9 /* shared */,
				9C22C37A2F6447EF0068E6A9 /* docs */,
				9C22C37B2F6447EF0068E6A9 /* HR Helper Safari */,
				9C22C37C2F6447EF0068E6A9 /* vite.config.mts */,
				9C22C37D2F6447EF0068E6A9 /* update_manifest.sh */,
				9C22C37E2F6447EF0068E6A9 /* package-lock.json */,
				9C22C37F2F6447EF0068E6A9 /* package.json */,
				9C22C3802F6447EF0068E6A9 /* icons */,
				9C22C3812F6447EF0068E6A9 /* manifest.json */,
				9C22C3822F6447EF0068E6A9 /* options.html */,
				9C22C3832F6447EF0068E6A9 /* content-gdrive.js */,
				9C22C3842F6447EF0068E6A9 /* popup.css */,
				9C22C3852F6447EF0068E6A9 /* content.js */,
				9C22C3862F6447EF0068E6A9 /* modules */,
				9C22C3872F6447EF0068E6A9 /* generate-icons.js */,
				9C22C3882F6447EF0068E6A9 /* options.css */,
				9C22C3892F6447EF0068E6A9 /* content-calendar.js */,
				9C22C38A2F6447EF0068E6A9 /* content-huntflow.js */,
			);
			name = Resources;
			path = "Shared (Extension)";
			sourceTree = SOURCE_ROOT;
		};
/* End PBXGroup section */

/* Begin PBXNativeTarget section */
		9C22C31F2F6447EF0068E6A9 /* HR Helper Safari (iOS) */ = {
			isa = PBXNativeTarget;
			buildConfigurationList = 9C22C3622F6447EF0068E6A9 /* Build configuration list for PBXNativeTarget "HR Helper Safari (iOS)" */;
			buildPhases = (
				9C22C31C2F6447EF0068E6A9 /* Sources */,
				9C22C31D2F6447EF0068E6A9 /* Frameworks */,
				9C22C31E2F6447EF0068E6A9 /* Resources */,
				9C22C3612F6447EF0068E6A9 /* Embed Foundation Extensions */,
			);
			buildRules = (
			);
			dependencies = (
				9C22C3412F6447EF0068E6A9 /* PBXTargetDependency */,
			);
			name = "HR Helper Safari (iOS)";
			packageProductDependencies = (
			);
			productName = "HR Helper Safari (iOS)";
			productReference = 9C22C3202F6447EF0068E6A9 /* HR Helper Safari.app */;
			productType = "com.apple.product-type.application";
		};
		9C22C3312F6447EF0068E6A9 /* HR Helper Safari (macOS) */ = {
			isa = PBXNativeTarget;
			buildConfigurationList = 9C22C3692F6447EF0068E6A9 /* Build configuration list for PBXNativeTarget "HR Helper Safari (macOS)" */;
			buildPhases = (
				9C22C32E2F6447EF0068E6A9 /* Sources */,
				9C22C32F2F6447EF0068E6A9 /* Frameworks */,
				9C22C3302F6447EF0068E6A9 /* Resources */,
				9C22C3682F6447EF0068E6A9 /* Embed Foundation Extensions */,
			);
			buildRules = (
			);
			dependencies = (
				9C22C34B2F6447EF0068E6A9 /* PBXTargetDependency */,
			);
			name = "HR Helper Safari (macOS)";
			packageProductDependencies = (
			);
			productName = "HR Helper Safari (macOS)";
			productReference = 9C22C3322F6447EF0068E6A9 /* HR Helper Safari.app */;
			productType = "com.apple.product-type.application";
		};
		9C22C33D2F6447EF0068E6A9 /* HR Helper Safari Extension (iOS) */ = {
			isa = PBXNativeTarget;
			buildConfigurationList = 9C22C35E2F6447EF0068E6A9 /* Build configuration list for PBXNativeTarget "HR Helper Safari Extension (iOS)" */;
			buildPhases = (
				9C22C33A2F6447EF0068E6A9 /* Sources */,
				9C22C33B2F6447EF0068E6A9 /* Frameworks */,
				9C22C33C2F6447EF0068E6A9 /* Resources */,
			);
			buildRules = (
			);
			dependencies = (
			);
			name = "HR Helper Safari Extension (iOS)";
			packageProductDependencies = (
			);
			productName = "HR Helper Safari Extension (iOS)";
			productReference = 9C22C33E2F6447EF0068E6A9 /* HR Helper Safari Extension.appex */;
			productType = "com.apple.product-type.app-extension";
		};
		9C22C3472F6447EF0068E6A9 /* HR Helper Safari Extension (macOS) */ = {
			isa = PBXNativeTarget;
			buildConfigurationList = 9C22C3652F6447EF0068E6A9 /* Build configuration list for PBXNativeTarget "HR Helper Safari Extension (macOS)" */;
			buildPhases = (
				9C22C3442F6447EF0068E6A9 /* Sources */,
				9C22C3452F6447EF0068E6A9 /* Frameworks */,
				9C22C3462F6447EF0068E6A9 /* Resources */,
			);
			buildRules = (
			);
			dependencies = (
			);
			name = "HR Helper Safari Extension (macOS)";
			packageProductDependencies = (
			);
			productName = "HR Helper Safari Extension (macOS)";
			productReference = 9C22C3482F6447EF0068E6A9 /* HR Helper Safari Extension.appex */;
			productType = "com.apple.product-type.app-extension";
		};
/* End PBXNativeTarget section */

/* Begin PBXProject section */
		9C22C30D2F6447EE0068E6A9 /* Project object */ = {
			isa = PBXProject;
			attributes = {
				BuildIndependentTargetsInParallel = 1;
				LastSwiftUpdateCheck = 2630;
				LastUpgradeCheck = 2630;
				TargetAttributes = {
					9C22C31F2F6447EF0068E6A9 = {
						CreatedOnToolsVersion = 26.3;
					};
					9C22C3312F6447EF0068E6A9 = {
						CreatedOnToolsVersion = 26.3;
					};
					9C22C33D2F6447EF0068E6A9 = {
						CreatedOnToolsVersion = 26.3;
					};
					9C22C3472F6447EF0068E6A9 = {
						CreatedOnToolsVersion = 26.3;
					};
				};
			};
			buildConfigurationList = 9C22C3102F6447EE0068E6A9 /* Build configuration list for PBXProject "HR Helper Safari" */;
			developmentRegion = en;
			hasScannedForEncodings = 0;
			knownRegions = (
				en,
				Base,
			);
			mainGroup = 9C22C30C2F6447EE0068E6A9;
			minimizedProjectReferenceProxies = 1;
			preferredProjectObjectVersion = 77;
			productRefGroup = 9C22C3212F6447EF0068E6A9 /* Products */;
			projectDirPath = "";
			projectRoot = "";
			targets = (
				9C22C31F2F6447EF0068E6A9 /* HR Helper Safari (iOS) */,
				9C22C3312F6447EF0068E6A9 /* HR Helper Safari (macOS) */,
				9C22C33D2F6447EF0068E6A9 /* HR Helper Safari Extension (iOS) */,
				9C22C3472F6447EF0068E6A9 /* HR Helper Safari Extension (macOS) */,
			);
		};
/* End PBXProject section */

/* Begin PBXResourcesBuildPhase section */
		9C22C31E2F6447EF0068E6A9 /* Resources */ = {
			isa = PBXResourcesBuildPhase;
			buildActionMask = 2147483647;
			files = (
				9C22C3502F6447EF0068E6A9 /* Icon.png in Resources */,
				9C22C3292F6447EF0068E6A9 /* LaunchScreen.storyboard in Resources */,
				9C22C34E2F6447EF0068E6A9 /* Main.html in Resources */,
				9C22C3542F6447EF0068E6A9 /* Script.js in Resources */,
				9C22C3582F6447EF0068E6A9 /* Assets.xcassets in Resources */,
				9C22C32C2F6447EF0068E6A9 /* Main.storyboard in Resources */,
				9C22C3522F6447EF0068E6A9 /* Style.css in Resources */,
			);
			runOnlyForDeploymentPostprocessing = 0;
		};
		9C22C3302F6447EF0068E6A9 /* Resources */ = {
			isa = PBXResourcesBuildPhase;
			buildActionMask = 2147483647;
			files = (
				9C22C3512F6447EF0068E6A9 /* Icon.png in Resources */,
				9C22C3532F6447EF0068E6A9 /* Style.css in Resources */,
				9C22C3382F6447EF0068E6A9 /* Main.storyboard in Resources */,
				9C22C3552F6447EF0068E6A9 /* Script.js in Resources */,
				9C22C3592F6447EF0068E6A9 /* Assets.xcassets in Resources */,
				9C22C34F2F6447EF0068E6A9 /* Main.html in Resources */,
			);
			runOnlyForDeploymentPostprocessing = 0;
		};
		9C22C33C2F6447EF0068E6A9 /* Resources */ = {
			isa = PBXResourcesBuildPhase;
			buildActionMask = 2147483647;
			files = (
				9C22C3B52F6447EF0068E6A9 /* shared in Resources */,
				9C22C3BD2F6447EF0068E6A9 /* manifest.json in Resources */,
				9C22C3AF2F6447EF0068E6A9 /* popup.html in Resources */,
				9C22C3B12F6447EF0068E6A9 /* content.js.bak in Resources */,
				9C22C3B62F6447EF0068E6A9 /* docs in Resources */,
				9C22C3BF2F6447EF0068E6A9 /* content-gdrive.js in Resources */,
				9C22C3BB2F6447EF0068E6A9 /* package.json in Resources */,
				9C22C3B42F6447EF0068E6A9 /* test-console.js in Resources */,
				9C22C3AC2F6447EF0068E6A9 /* types.js in Resources */,
				9C22C3C12F6447EF0068E6A9 /* content.js in Resources */,
				9C22C3A92F6447EF0068E6A9 /* tabs in Resources */,
				9C22C3C32F6447EF0068E6A9 /* generate-icons.js in Resources */,
				9C22C3B92F6447EF0068E6A9 /* update_manifest.sh in Resources */,
				9C22C3AB2F6447EF0068E6A9 /* popup.js in Resources */,
				9C22C3AA2F6447EF0068E6A9 /* content-meet.js in Resources */,
				9C22C3AD2F6447EF0068E6A9 /* background.js in Resources */,
				9C22C3BA2F6447EF0068E6A9 /* package-lock.json in Resources */,
				9C22C3BC2F6447EF0068E6A9 /* icons in Resources */,
				9C22C3C42F6447EF0068E6A9 /* options.css in Resources */,
				9C22C3BE2F6447EF0068E6A9 /* options.html in Resources */,
				9C22C3B72F6447EF0068E6A9 /* HR Helper Safari in Resources */,
				9C22C3B02F6447EF0068E6A9 /* vacancy-utils.js in Resources */,
				9C22C3B32F6447EF0068E6A9 /* node_modules in Resources */,
				9C22C3C52F6447EF0068E6A9 /* content-calendar.js in Resources */,
				9C22C3C02F6447EF0068E6A9 /* popup.css in Resources */,
				9C22C3C62F6447EF0068E6A9 /* content-huntflow.js in Resources */,
				9C22C3B82F6447EF0068E6A9 /* vite.config.mts in Resources */,
				9C22C3AE2F6447EF0068E6A9 /* content-resume.js in Resources */,
				9C22C3C22F6447EF0068E6A9 /* modules in Resources */,
				9C22C3B22F6447EF0068E6A9 /* options.js in Resources */,
			);
			runOnlyForDeploymentPostprocessing = 0;
		};
		9C22C3462F6447EF0068E6A9 /* Resources */ = {
			isa = PBXResourcesBuildPhase;
			buildActionMask = 2147483647;
			files = (
				9C22C3972F6447EF0068E6A9 /* shared in Resources */,
				9C22C39F2F6447EF0068E6A9 /* manifest.json in Resources */,
				9C22C3912F6447EF0068E6A9 /* popup.html in Resources */,
				9C22C3932F6447EF0068E6A9 /* content.js.bak in Resources */,
				9C22C3982F6447EF0068E6A9 /* docs in Resources */,
				9C22C3A12F6447EF0068E6A9 /* content-gdrive.js in Resources */,
				9C22C39D2F6447EF0068E6A9 /* package.json in Resources */,
				9C22C3962F6447EF0068E6A9 /* test-console.js in Resources */,
				9C22C38E2F6447EF0068E6A9 /* types.js in Resources */,
				9C22C3A32F6447EF0068E6A9 /* content.js in Resources */,
				9C22C38B2F6447EF0068E6A9 /* tabs in Resources */,
				9C22C3A52F6447EF0068E6A9 /* generate-icons.js in Resources */,
				9C22C39B2F6447EF0068E6A9 /* update_manifest.sh in Resources */,
				9C22C38D2F6447EF0068E6A9 /* popup.js in Resources */,
				9C22C38C2F6447EF0068E6A9 /* content-meet.js in Resources */,
				9C22C38F2F6447EF0068E6A9 /* background.js in Resources */,
				9C22C39C2F6447EF0068E6A9 /* package-lock.json in Resources */,
				9C22C39E2F6447EF0068E6A9 /* icons in Resources */,
				9C22C3A62F6447EF0068E6A9 /* options.css in Resources */,
				9C22C3A02F6447EF0068E6A9 /* options.html in Resources */,
				9C22C3992F6447EF0068E6A9 /* HR Helper Safari in Resources */,
				9C22C3922F6447EF0068E6A9 /* vacancy-utils.js in Resources */,
				9C22C3952F6447EF0068E6A9 /* node_modules in Resources */,
				9C22C3A72F6447EF0068E6A9 /* content-calendar.js in Resources */,
				9C22C3A22F6447EF0068E6A9 /* popup.css in Resources */,
				9C22C3A82F6447EF0068E6A9 /* content-huntflow.js in Resources */,
				9C22C39A2F6447EF0068E6A9 /* vite.config.mts in Resources */,
				9C22C3902F6447EF0068E6A9 /* content-resume.js in Resources */,
				9C22C3A42F6447EF0068E6A9 /* modules in Resources */,
				9C22C3942F6447EF0068E6A9 /* options.js in Resources */,
			);
			runOnlyForDeploymentPostprocessing = 0;
		};
/* End PBXResourcesBuildPhase section */

/* Begin PBXSourcesBuildPhase section */
		9C22C31C2F6447EF0068E6A9 /* Sources */ = {
			isa = PBXSourcesBuildPhase;
			buildActionMask = 2147483647;
			files = (
				9C22C3562F6447EF0068E6A9 /* ViewController.swift in Sources */,
				9C22C3242F6447EF0068E6A9 /* AppDelegate.swift in Sources */,
				9C22C3262F6447EF0068E6A9 /* SceneDelegate.swift in Sources */,
			);
			runOnlyForDeploymentPostprocessing = 0;
		};
		9C22C32E2F6447EF0068E6A9 /* Sources */ = {
			isa = PBXSourcesBuildPhase;
			buildActionMask = 2147483647;
			files = (
				9C22C3572F6447EF0068E6A9 /* ViewController.swift in Sources */,
				9C22C3352F6447EF0068E6A9 /* AppDelegate.swift in Sources */,
			);
			runOnlyForDeploymentPostprocessing = 0;
		};
		9C22C33A2F6447EF0068E6A9 /* Sources */ = {
			isa = PBXSourcesBuildPhase;
			buildActionMask = 2147483647;
			files = (
				9C22C35A2F6447EF0068E6A9 /* SafariWebExtensionHandler.swift in Sources */,
			);
			runOnlyForDeploymentPostprocessing = 0;
		};
		9C22C3442F6447EF0068E6A9 /* Sources */ = {
			isa = PBXSourcesBuildPhase;
			buildActionMask = 2147483647;
			files = (
				9C22C35B2F6447EF0068E6A9 /* SafariWebExtensionHandler.swift in Sources */,
			);
			runOnlyForDeploymentPostprocessing = 0;
		};
/* End PBXSourcesBuildPhase section */

/* Begin PBXTargetDependency section */
		9C22C3412F6447EF0068E6A9 /* PBXTargetDependency */ = {
			isa = PBXTargetDependency;
			target = 9C22C33D2F6447EF0068E6A9 /* HR Helper Safari Extension (iOS) */;
			targetProxy = 9C22C3402F6447EF0068E6A9 /* PBXContainerItemProxy */;
		};
		9C22C34B2F6447EF0068E6A9 /* PBXTargetDependency */ = {
			isa = PBXTargetDependency;
			target = 9C22C3472F6447EF0068E6A9 /* HR Helper Safari Extension (macOS) */;
			targetProxy = 9C22C34A2F6447EF0068E6A9 /* PBXContainerItemProxy */;
		};
/* End PBXTargetDependency section */

/* Begin PBXVariantGroup section */
		9C22C3132F6447EE0068E6A9 /* Main.html */ = {
			isa = PBXVariantGroup;
			children = (
				9C22C3142F6447EE0068E6A9 /* Base */,
			);
			name = Main.html;
			sourceTree = "<group>";
		};
		9C22C3272F6447EF0068E6A9 /* LaunchScreen.storyboard */ = {
			isa = PBXVariantGroup;
			children = (
				9C22C3282F6447EF0068E6A9 /* Base */,
			);
			name = LaunchScreen.storyboard;
			sourceTree = "<group>";
		};
		9C22C32A2F6447EF0068E6A9 /* Main.storyboard */ = {
			isa = PBXVariantGroup;
			children = (
				9C22C32B2F6447EF0068E6A9 /* Base */,
			);
			name = Main.storyboard;
			sourceTree = "<group>";
		};
		9C22C3362F6447EF0068E6A9 /* Main.storyboard */ = {
			isa = PBXVariantGroup;
			children = (
				9C22C3372F6447EF0068E6A9 /* Base */,
			);
			name = Main.storyboard;
			sourceTree = "<group>";
		};
/* End PBXVariantGroup section */

/* Begin XCBuildConfiguration section */
		9C22C35C2F6447EF0068E6A9 /* Debug */ = {
			isa = XCBuildConfiguration;
			buildSettings = {
				ALWAYS_SEARCH_USER_PATHS = NO;
				ASSETCATALOG_COMPILER_GENERATE_SWIFT_ASSET_SYMBOL_EXTENSIONS = YES;
				CLANG_ANALYZER_NONNULL = YES;
				CLANG_ANALYZER_NUMBER_OBJECT_CONVERSION = YES_AGGRESSIVE;
				CLANG_CXX_LANGUAGE_STANDARD = "gnu++20";
				CLANG_ENABLE_MODULES = YES;
				CLANG_ENABLE_OBJC_ARC = YES;
				CLANG_ENABLE_OBJC_WEAK = YES;
				CLANG_WARN_BLOCK_CAPTURE_AUTORELEASING = YES;
				CLANG_WARN_BOOL_CONVERSION = YES;
				CLANG_WARN_COMMA = YES;
				CLANG_WARN_CONSTANT_CONVERSION = YES;
				CLANG_WARN_DEPRECATED_OBJC_IMPLEMENTATIONS = YES;
				CLANG_WARN_DIRECT_OBJC_ISA_USAGE = YES_ERROR;
				CLANG_WARN_DOCUMENTATION_COMMENTS = YES;
				CLANG_WARN_EMPTY_BODY = YES;
				CLANG_WARN_ENUM_CONVERSION = YES;
				CLANG_WARN_INFINITE_RECURSION = YES;
				CLANG_WARN_INT_CONVERSION = YES;
				CLANG_WARN_NON_LITERAL_NULL_CONVERSION = YES;
				CLANG_WARN_OBJC_IMPLICIT_RETAIN_SELF = YES;
				CLANG_WARN_OBJC_LITERAL_CONVERSION = YES;
				CLANG_WARN_OBJC_ROOT_CLASS = YES_ERROR;
				CLANG_WARN_QUOTED_INCLUDE_IN_FRAMEWORK_HEADER = YES;
				CLANG_WARN_RANGE_LOOP_ANALYSIS = YES;
				CLANG_WARN_STRICT_PROTOTYPES = YES;
				CLANG_WARN_SUSPICIOUS_MOVE = YES;
				CLANG_WARN_UNGUARDED_AVAILABILITY = YES_AGGRESSIVE;
				CLANG_WARN_UNREACHABLE_CODE = YES;
				CLANG_WARN__DUPLICATE_METHOD_MATCH = YES;
				COPY_PHASE_STRIP = NO;
				DEBUG_INFORMATION_FORMAT = dwarf;
				ENABLE_STRICT_OBJC_MSGSEND = YES;
				ENABLE_TESTABILITY = YES;
				ENABLE_USER_SCRIPT_SANDBOXING = YES;
				GCC_C_LANGUAGE_STANDARD = gnu17;
				GCC_DYNAMIC_NO_PIC = NO;
				GCC_NO_COMMON_BLOCKS = YES;
				GCC_OPTIMIZATION_LEVEL = 0;
				GCC_PREPROCESSOR_DEFINITIONS = (
					"DEBUG=1",
					"$(inherited)",
				);
				GCC_WARN_64_TO_32_BIT_CONVERSION = YES;
				GCC_WARN_ABOUT_RETURN_TYPE = YES_ERROR;
				GCC_WARN_UNDECLARED_SELECTOR = YES;
				GCC_WARN_UNINITIALIZED_AUTOS = YES_AGGRESSIVE;
				GCC_WARN_UNUSED_FUNCTION = YES;
				GCC_WARN_UNUSED_VARIABLE = YES;
				LOCALIZATION_PREFERS_STRING_CATALOGS = YES;
				MTL_ENABLE_DEBUG_INFO = INCLUDE_SOURCE;
				MTL_FAST_MATH = YES;
				ONLY_ACTIVE_ARCH = YES;
				SWIFT_ACTIVE_COMPILATION_CONDITIONS = "DEBUG $(inherited)";
				SWIFT_OPTIMIZATION_LEVEL = "-Onone";
			};
			name = Debug;
		};
		9C22C35D2F6447EF0068E6A9 /* Release */ = {
			isa = XCBuildConfiguration;
			buildSettings = {
				ALWAYS_SEARCH_USER_PATHS = NO;
				ASSETCATALOG_COMPILER_GENERATE_SWIFT_ASSET_SYMBOL_EXTENSIONS = YES;
				CLANG_ANALYZER_NONNULL = YES;
				CLANG_ANALYZER_NUMBER_OBJECT_CONVERSION = YES_AGGRESSIVE;
				CLANG_CXX_LANGUAGE_STANDARD = "gnu++20";
				CLANG_ENABLE_MODULES = YES;
				CLANG_ENABLE_OBJC_ARC = YES;
				CLANG_ENABLE_OBJC_WEAK = YES;
				CLANG_WARN_BLOCK_CAPTURE_AUTORELEASING = YES;
				CLANG_WARN_BOOL_CONVERSION = YES;
				CLANG_WARN_COMMA = YES;
				CLANG_WARN_CONSTANT_CONVERSION = YES;
				CLANG_WARN_DEPRECATED_OBJC_IMPLEMENTATIONS = YES;
				CLANG_WARN_DIRECT_OBJC_ISA_USAGE = YES_ERROR;
				CLANG_WARN_DOCUMENTATION_COMMENTS = YES;
				CLANG_WARN_EMPTY_BODY = YES;
				CLANG_WARN_ENUM_CONVERSION = YES;
				CLANG_WARN_INFINITE_RECURSION = YES;
				CLANG_WARN_INT_CONVERSION = YES;
				CLANG_WARN_NON_LITERAL_NULL_CONVERSION = YES;
				CLANG_WARN_OBJC_IMPLICIT_RETAIN_SELF = YES;
				CLANG_WARN_OBJC_LITERAL_CONVERSION = YES;
				CLANG_WARN_OBJC_ROOT_CLASS = YES_ERROR;
				CLANG_WARN_QUOTED_INCLUDE_IN_FRAMEWORK_HEADER = YES;
				CLANG_WARN_RANGE_LOOP_ANALYSIS = YES;
				CLANG_WARN_STRICT_PROTOTYPES = YES;
				CLANG_WARN_SUSPICIOUS_MOVE = YES;
				CLANG_WARN_UNGUARDED_AVAILABILITY = YES_AGGRESSIVE;
				CLANG_WARN_UNREACHABLE_CODE = YES;
				CLANG_WARN__DUPLICATE_METHOD_MATCH = YES;
				COPY_PHASE_STRIP = NO;
				DEBUG_INFORMATION_FORMAT = "dwarf-with-dsym";
				ENABLE_NS_ASSERTIONS = NO;
				ENABLE_STRICT_OBJC_MSGSEND = YES;
				ENABLE_USER_SCRIPT_SANDBOXING = YES;
				GCC_C_LANGUAGE_STANDARD = gnu17;
				GCC_NO_COMMON_BLOCKS = YES;
				GCC_WARN_64_TO_32_BIT_CONVERSION = YES;
				GCC_WARN_ABOUT_RETURN_TYPE = YES_ERROR;
				GCC_WARN_UNDECLARED_SELECTOR = YES;
				GCC_WARN_UNINITIALIZED_AUTOS = YES_AGGRESSIVE;
				GCC_WARN_UNUSED_FUNCTION = YES;
				GCC_WARN_UNUSED_VARIABLE = YES;
				LOCALIZATION_PREFERS_STRING_CATALOGS = YES;
				MTL_ENABLE_DEBUG_INFO = NO;
				MTL_FAST_MATH = YES;
				SWIFT_COMPILATION_MODE = wholemodule;
			};
			name = Release;
		};
		9C22C35F2F6447EF0068E6A9 /* Debug */ = {
			isa = XCBuildConfiguration;
			buildSettings = {
				CODE_SIGN_STYLE = Automatic;
				CURRENT_PROJECT_VERSION = 1;
				DEVELOPMENT_TEAM = 8Q5935866Y;
				GENERATE_INFOPLIST_FILE = YES;
				INFOPLIST_FILE = "iOS (Extension)/Info.plist";
				INFOPLIST_KEY_CFBundleDisplayName = "HR Helper Safari Extension";
				INFOPLIST_KEY_NSHumanReadableCopyright = "";
				IPHONEOS_DEPLOYMENT_TARGET = 15.0;
				LD_RUNPATH_SEARCH_PATHS = (
					"$(inherited)",
					"@executable_path/Frameworks",
					"@executable_path/../../Frameworks",
				);
				MARKETING_VERSION = 1.0;
				OTHER_LDFLAGS = (
					"-framework",
					SafariServices,
				);
				PRODUCT_BUNDLE_IDENTIFIER = "com.yourCompany.HR-Helper-Safari.Extension";
				PRODUCT_NAME = "HR Helper Safari Extension";
				SDKROOT = iphoneos;
				SKIP_INSTALL = YES;
				STRING_CATALOG_GENERATE_SYMBOLS = YES;
				SWIFT_APPROACHABLE_CONCURRENCY = YES;
				SWIFT_EMIT_LOC_STRINGS = YES;
				SWIFT_UPCOMING_FEATURE_MEMBER_IMPORT_VISIBILITY = YES;
				SWIFT_VERSION = 5.0;
				TARGETED_DEVICE_FAMILY = "1,2";
			};
			name = Debug;
		};
		9C22C3602F6447EF0068E6A9 /* Release */ = {
			isa = XCBuildConfiguration;
			buildSettings = {
				CODE_SIGN_STYLE = Automatic;
				CURRENT_PROJECT_VERSION = 1;
				DEVELOPMENT_TEAM = 8Q5935866Y;
				GENERATE_INFOPLIST_FILE = YES;
				INFOPLIST_FILE = "iOS (Extension)/Info.plist";
				INFOPLIST_KEY_CFBundleDisplayName = "HR Helper Safari Extension";
				INFOPLIST_KEY_NSHumanReadableCopyright = "";
				IPHONEOS_DEPLOYMENT_TARGET = 15.0;
				LD_RUNPATH_SEARCH_PATHS = (
					"$(inherited)",
					"@executable_path/Frameworks",
					"@executable_path/../../Frameworks",
				);
				MARKETING_VERSION = 1.0;
				OTHER_LDFLAGS = (
					"-framework",
					SafariServices,
				);
				PRODUCT_BUNDLE_IDENTIFIER = "com.yourCompany.HR-Helper-Safari.Extension";
				PRODUCT_NAME = "HR Helper Safari Extension";
				SDKROOT = iphoneos;
				SKIP_INSTALL = YES;
				STRING_CATALOG_GENERATE_SYMBOLS = YES;
				SWIFT_APPROACHABLE_CONCURRENCY = YES;
				SWIFT_EMIT_LOC_STRINGS = YES;
				SWIFT_UPCOMING_FEATURE_MEMBER_IMPORT_VISIBILITY = YES;
				SWIFT_VERSION = 5.0;
				TARGETED_DEVICE_FAMILY = "1,2";
				VALIDATE_PRODUCT = YES;
			};
			name = Release;
		};
		9C22C3632F6447EF0068E6A9 /* Debug */ = {
			isa = XCBuildConfiguration;
			buildSettings = {
				ASSETCATALOG_COMPILER_APPICON_NAME = AppIcon;
				ASSETCATALOG_COMPILER_GLOBAL_ACCENT_COLOR_NAME = AccentColor;
				CODE_SIGN_STYLE = Automatic;
				CURRENT_PROJECT_VERSION = 1;
				GENERATE_INFOPLIST_FILE = YES;
				INFOPLIST_FILE = "iOS (App)/Info.plist";
				INFOPLIST_KEY_CFBundleDisplayName = "HR Helper Safari";
				INFOPLIST_KEY_UIApplicationSupportsIndirectInputEvents = YES;
				INFOPLIST_KEY_UILaunchStoryboardName = LaunchScreen;
				INFOPLIST_KEY_UIMainStoryboardFile = Main;
				INFOPLIST_KEY_UISupportedInterfaceOrientations = "UIInterfaceOrientationPortrait UIInterfaceOrientationLandscapeLeft UIInterfaceOrientationLandscapeRight";
				INFOPLIST_KEY_UISupportedInterfaceOrientations_iPad = "UIInterfaceOrientationPortrait UIInterfaceOrientationPortraitUpsideDown UIInterfaceOrientationLandscapeLeft UIInterfaceOrientationLandscapeRight";
				IPHONEOS_DEPLOYMENT_TARGET = 15.0;
				LD_RUNPATH_SEARCH_PATHS = (
					"$(inherited)",
					"@executable_path/Frameworks",
				);
				MARKETING_VERSION = 1.0;
				OTHER_LDFLAGS = (
					"-framework",
					SafariServices,
					"-framework",
					WebKit,
				);
				PRODUCT_BUNDLE_IDENTIFIER = "com.yourCompany.HR-Helper-Safari";
				PRODUCT_NAME = "HR Helper Safari";
				SDKROOT = iphoneos;
				STRING_CATALOG_GENERATE_SYMBOLS = YES;
				SWIFT_APPROACHABLE_CONCURRENCY = YES;
				SWIFT_DEFAULT_ACTOR_ISOLATION = MainActor;
				SWIFT_EMIT_LOC_STRINGS = YES;
				SWIFT_UPCOMING_FEATURE_MEMBER_IMPORT_VISIBILITY = YES;
				SWIFT_VERSION = 5.0;
				TARGETED_DEVICE_FAMILY = "1,2";
			};
			name = Debug;
		};
		9C22C3642F6447EF0068E6A9 /* Release */ = {
			isa = XCBuildConfiguration;
			buildSettings = {
				ASSETCATALOG_COMPILER_APPICON_NAME = AppIcon;
				ASSETCATALOG_COMPILER_GLOBAL_ACCENT_COLOR_NAME = AccentColor;
				CODE_SIGN_STYLE = Automatic;
				CURRENT_PROJECT_VERSION = 1;
				GENERATE_INFOPLIST_FILE = YES;
				INFOPLIST_FILE = "iOS (App)/Info.plist";
				INFOPLIST_KEY_CFBundleDisplayName = "HR Helper Safari";
				INFOPLIST_KEY_UIApplicationSupportsIndirectInputEvents = YES;
				INFOPLIST_KEY_UILaunchStoryboardName = LaunchScreen;
				INFOPLIST_KEY_UIMainStoryboardFile = Main;
				INFOPLIST_KEY_UISupportedInterfaceOrientations = "UIInterfaceOrientationPortrait UIInterfaceOrientationLandscapeLeft UIInterfaceOrientationLandscapeRight";
				INFOPLIST_KEY_UISupportedInterfaceOrientations_iPad = "UIInterfaceOrientationPortrait UIInterfaceOrientationPortraitUpsideDown UIInterfaceOrientationLandscapeLeft UIInterfaceOrientationLandscapeRight";
				IPHONEOS_DEPLOYMENT_TARGET = 15.0;
				LD_RUNPATH_SEARCH_PATHS = (
					"$(inherited)",
					"@executable_path/Frameworks",
				);
				MARKETING_VERSION = 1.0;
				OTHER_LDFLAGS = (
					"-framework",
					SafariServices,
					"-framework",
					WebKit,
				);
				PRODUCT_BUNDLE_IDENTIFIER = "com.yourCompany.HR-Helper-Safari";
				PRODUCT_NAME = "HR Helper Safari";
				SDKROOT = iphoneos;
				STRING_CATALOG_GENERATE_SYMBOLS = YES;
				SWIFT_APPROACHABLE_CONCURRENCY = YES;
				SWIFT_DEFAULT_ACTOR_ISOLATION = MainActor;
				SWIFT_EMIT_LOC_STRINGS = YES;
				SWIFT_UPCOMING_FEATURE_MEMBER_IMPORT_VISIBILITY = YES;
				SWIFT_VERSION = 5.0;
				TARGETED_DEVICE_FAMILY = "1,2";
				VALIDATE_PRODUCT = YES;
			};
			name = Release;
		};
		9C22C3662F6447EF0068E6A9 /* Debug */ = {
			isa = XCBuildConfiguration;
			buildSettings = {
				CODE_SIGN_STYLE = Automatic;
				CURRENT_PROJECT_VERSION = 1;
				DEVELOPMENT_TEAM = 8Q5935866Y;
				ENABLE_APP_SANDBOX = YES;
				ENABLE_HARDENED_RUNTIME = YES;
				ENABLE_USER_SELECTED_FILES = readonly;
				GENERATE_INFOPLIST_FILE = YES;
				INFOPLIST_FILE = "macOS (Extension)/Info.plist";
				INFOPLIST_KEY_CFBundleDisplayName = "HR Helper Safari Extension";
				INFOPLIST_KEY_NSHumanReadableCopyright = "";
				LD_RUNPATH_SEARCH_PATHS = (
					"$(inherited)",
					"@executable_path/../Frameworks",
					"@executable_path/../../../../Frameworks",
				);
				MACOSX_DEPLOYMENT_TARGET = 10.14;
				MARKETING_VERSION = 1.0;
				OTHER_LDFLAGS = (
					"-framework",
					SafariServices,
				);
				PRODUCT_BUNDLE_IDENTIFIER = "com.yourCompany.HR-Helper-Safari.Extension";
				PRODUCT_NAME = "HR Helper Safari Extension";
				SDKROOT = macosx;
				SKIP_INSTALL = YES;
				STRING_CATALOG_GENERATE_SYMBOLS = YES;
				SWIFT_APPROACHABLE_CONCURRENCY = YES;
				SWIFT_EMIT_LOC_STRINGS = YES;
				SWIFT_UPCOMING_FEATURE_MEMBER_IMPORT_VISIBILITY = YES;
				SWIFT_VERSION = 5.0;
			};
			name = Debug;
		};
		9C22C3672F6447EF0068E6A9 /* Release */ = {
			isa = XCBuildConfiguration;
			buildSettings = {
				CODE_SIGN_STYLE = Automatic;
				CURRENT_PROJECT_VERSION = 1;
				DEVELOPMENT_TEAM = 8Q5935866Y;
				ENABLE_APP_SANDBOX = YES;
				ENABLE_HARDENED_RUNTIME = YES;
				ENABLE_USER_SELECTED_FILES = readonly;
				GENERATE_INFOPLIST_FILE = YES;
				INFOPLIST_FILE = "macOS (Extension)/Info.plist";
				INFOPLIST_KEY_CFBundleDisplayName = "HR Helper Safari Extension";
				INFOPLIST_KEY_NSHumanReadableCopyright = "";
				LD_RUNPATH_SEARCH_PATHS = (
					"$(inherited)",
					"@executable_path/../Frameworks",
					"@executable_path/../../../../Frameworks",
				);
				MACOSX_DEPLOYMENT_TARGET = 10.14;
				MARKETING_VERSION = 1.0;
				OTHER_LDFLAGS = (
					"-framework",
					SafariServices,
				);
				PRODUCT_BUNDLE_IDENTIFIER = "com.yourCompany.HR-Helper-Safari.Extension";
				PRODUCT_NAME = "HR Helper Safari Extension";
				SDKROOT = macosx;
				SKIP_INSTALL = YES;
				STRING_CATALOG_GENERATE_SYMBOLS = YES;
				SWIFT_APPROACHABLE_CONCURRENCY = YES;
				SWIFT_EMIT_LOC_STRINGS = YES;
				SWIFT_UPCOMING_FEATURE_MEMBER_IMPORT_VISIBILITY = YES;
				SWIFT_VERSION = 5.0;
			};
			name = Release;
		};
		9C22C36A2F6447EF0068E6A9 /* Debug */ = {
			isa = XCBuildConfiguration;
			buildSettings = {
				ASSETCATALOG_COMPILER_APPICON_NAME = AppIcon;
				ASSETCATALOG_COMPILER_GLOBAL_ACCENT_COLOR_NAME = AccentColor;
				CODE_SIGN_STYLE = Automatic;
				CURRENT_PROJECT_VERSION = 1;
				DEVELOPMENT_TEAM = 8Q5935866Y;
				ENABLE_APP_SANDBOX = YES;
				ENABLE_HARDENED_RUNTIME = YES;
				ENABLE_OUTGOING_NETWORK_CONNECTIONS = YES;
				ENABLE_USER_SELECTED_FILES = readonly;
				GENERATE_INFOPLIST_FILE = YES;
				INFOPLIST_FILE = "macOS (App)/Info.plist";
				INFOPLIST_KEY_CFBundleDisplayName = "HR Helper Safari";
				INFOPLIST_KEY_NSMainStoryboardFile = Main;
				INFOPLIST_KEY_NSPrincipalClass = NSApplication;
				LD_RUNPATH_SEARCH_PATHS = (
					"$(inherited)",
					"@executable_path/../Frameworks",
				);
				MACOSX_DEPLOYMENT_TARGET = 10.14;
				MARKETING_VERSION = 1.0;
				OTHER_LDFLAGS = (
					"-framework",
					SafariServices,
					"-framework",
					WebKit,
				);
				PRODUCT_BUNDLE_IDENTIFIER = "com.yourCompany.HR-Helper-Safari";
				PRODUCT_NAME = "HR Helper Safari";
				REGISTER_APP_GROUPS = YES;
				SDKROOT = macosx;
				STRING_CATALOG_GENERATE_SYMBOLS = YES;
				SWIFT_APPROACHABLE_CONCURRENCY = YES;
				SWIFT_DEFAULT_ACTOR_ISOLATION = MainActor;
				SWIFT_EMIT_LOC_STRINGS = YES;
				SWIFT_UPCOMING_FEATURE_MEMBER_IMPORT_VISIBILITY = YES;
				SWIFT_VERSION = 5.0;
			};
			name = Debug;
		};
		9C22C36B2F6447EF0068E6A9 /* Release */ = {
			isa = XCBuildConfiguration;
			buildSettings = {
				ASSETCATALOG_COMPILER_APPICON_NAME = AppIcon;
				ASSETCATALOG_COMPILER_GLOBAL_ACCENT_COLOR_NAME = AccentColor;
				CODE_SIGN_STYLE = Automatic;
				CURRENT_PROJECT_VERSION = 1;
				DEVELOPMENT_TEAM = 8Q5935866Y;
				ENABLE_APP_SANDBOX = YES;
				ENABLE_HARDENED_RUNTIME = YES;
				ENABLE_OUTGOING_NETWORK_CONNECTIONS = YES;
				ENABLE_USER_SELECTED_FILES = readonly;
				GENERATE_INFOPLIST_FILE = YES;
				INFOPLIST_FILE = "macOS (App)/Info.plist";
				INFOPLIST_KEY_CFBundleDisplayName = "HR Helper Safari";
				INFOPLIST_KEY_NSMainStoryboardFile = Main;
				INFOPLIST_KEY_NSPrincipalClass = NSApplication;
				LD_RUNPATH_SEARCH_PATHS = (
					"$(inherited)",
					"@executable_path/../Frameworks",
				);
				MACOSX_DEPLOYMENT_TARGET = 10.14;
				MARKETING_VERSION = 1.0;
				OTHER_LDFLAGS = (
					"-framework",
					SafariServices,
					"-framework",
					WebKit,
				);
				PRODUCT_BUNDLE_IDENTIFIER = "com.yourCompany.HR-Helper-Safari";
				PRODUCT_NAME = "HR Helper Safari";
				REGISTER_APP_GROUPS = YES;
				SDKROOT = macosx;
				STRING_CATALOG_GENERATE_SYMBOLS = YES;
				SWIFT_APPROACHABLE_CONCURRENCY = YES;
				SWIFT_DEFAULT_ACTOR_ISOLATION = MainActor;
				SWIFT_EMIT_LOC_STRINGS = YES;
				SWIFT_UPCOMING_FEATURE_MEMBER_IMPORT_VISIBILITY = YES;
				SWIFT_VERSION = 5.0;
			};
			name = Release;
		};
/* End XCBuildConfiguration section */

/* Begin XCConfigurationList section */
		9C22C3102F6447EE0068E6A9 /* Build configuration list for PBXProject "HR Helper Safari" */ = {
			isa = XCConfigurationList;
			buildConfigurations = (
				9C22C35C2F6447EF0068E6A9 /* Debug */,
				9C22C35D2F6447EF0068E6A9 /* Release */,
			);
			defaultConfigurationIsVisible = 0;
			defaultConfigurationName = Release;
		};
		9C22C35E2F6447EF0068E6A9 /* Build configuration list for PBXNativeTarget "HR Helper Safari Extension (iOS)" */ = {
			isa = XCConfigurationList;
			buildConfigurations = (
				9C22C35F2F6447EF0068E6A9 /* Debug */,
				9C22C3602F6447EF0068E6A9 /* Release */,
			);
			defaultConfigurationIsVisible = 0;
			defaultConfigurationName = Release;
		};
		9C22C3622F6447EF0068E6A9 /* Build configuration list for PBXNativeTarget "HR Helper Safari (iOS)" */ = {
			isa = XCConfigurationList;
			buildConfigurations = (
				9C22C3632F6447EF0068E6A9 /* Debug */,
				9C22C3642F6447EF0068E6A9 /* Release */,
			);
			defaultConfigurationIsVisible = 0;
			defaultConfigurationName = Release;
		};
		9C22C3652F6447EF0068E6A9 /* Build configuration list for PBXNativeTarget "HR Helper Safari Extension (macOS)" */ = {
			isa = XCConfigurationList;
			buildConfigurations = (
				9C22C3662F6447EF0068E6A9 /* Debug */,
				9C22C3672F6447EF0068E6A9 /* Release */,
			);
			defaultConfigurationIsVisible = 0;
			defaultConfigurationName = Release;
		};
		9C22C3692F6447EF0068E6A9 /* Build configuration list for PBXNativeTarget "HR Helper Safari (macOS)" */ = {
			isa = XCConfigurationList;
			buildConfigurations = (
				9C22C36A2F6447EF0068E6A9 /* Debug */,
				9C22C36B2F6447EF0068E6A9 /* Release */,
			);
			defaultConfigurationIsVisible = 0;
			defaultConfigurationName = Release;
		};
/* End XCConfigurationList section */
	};
	rootObject = 9C22C30D2F6447EE0068E6A9 /* Project object */;
}
